
Microsoft Visual Studio Solution File, Format Version 12.00
# Visual Studio Version 16
VisualStudioVersion = 16.0.33027.164
MinimumVisualStudioVersion = 10.0.40219.1
Project("{FAE04EC0-301F-11D3-BF4B-00C04F79EFBC}") = "Ecommerce", "Ecommerce\Ecommerce.csproj", "{DDC4244B-D977-4B85-B5E3-371A558E3D35}"
EndProject
Global
	GlobalSection(SolutionConfigurationPlatforms) = preSolution
		Debug|Any CPU = Debug|Any CPU
		Release|Any CPU = Release|Any CPU
	EndGlobalSection
	GlobalSection(ProjectConfigurationPlatforms) = postSolution
		{DDC4244B-D977-4B85-B5E3-371A558E3D35}.Debug|Any CPU.ActiveCfg = Debug|Any CPU
		{DDC4244B-D977-4B85-B5E3-371A558E3D35}.Debug|Any CPU.Build.0 = Debug|Any CPU
		{DDC4244B-D977-4B85-B5E3-371A558E3D35}.Release|Any CPU.ActiveCfg = Release|Any CPU
		{DDC4244B-D977-4B85-B5E3-371A558E3D35}.Release|Any CPU.Build.0 = Release|Any CPU
	EndGlobalSection
	GlobalSection(SolutionProperties) = preSolution
		HideSolutionNode = FALSE
	EndGlobalSection
	GlobalSection(ExtensibilityGlobals) = postSolution
		SolutionGuid = {57F43520-BF2F-4373-86E9-996325041DD8}
	EndGlobalSection
EndGlobal
